
Microsoft Visual Studio Solution File, Format Version 12.00
# Visual Studio Version 17
VisualStudioVersion = 17.5.002.0
MinimumVisualStudioVersion = 10.0.40219.1
Project("{9A19103F-16F7-4668-BE54-9A1E7A4F7556}") = "brightskills", "brightskills.csproj", "{BDD81B79-203A-4D00-BCC1-90911505BEE4}"
EndProject
Global
	GlobalSection(SolutionConfigurationPlatforms) = preSolution
		Debug|Any CPU = Debug|Any CPU
		Release|Any CPU = Release|Any CPU
	EndGlobalSection
	GlobalSection(ProjectConfigurationPlatforms) = postSolution
		{BDD81B79-203A-4D00-BCC1-90911505BEE4}.Debug|Any CPU.ActiveCfg = Debug|Any CPU
		{BDD81B79-203A-4D00-BCC1-90911505BEE4}.Debug|Any CPU.Build.0 = Debug|Any CPU
		{BDD81B79-203A-4D00-BCC1-90911505BEE4}.Release|Any CPU.ActiveCfg = Release|Any CPU
		{BDD81B79-203A-4D00-BCC1-90911505BEE4}.Release|Any CPU.Build.0 = Release|Any CPU
	EndGlobalSection
	GlobalSection(SolutionProperties) = preSolution
		HideSolutionNode = FALSE
	EndGlobalSection
	GlobalSection(ExtensibilityGlobals) = postSolution
		SolutionGuid = {042849E5-C649-4649-8BBA-2B7E8DAE3C9E}
	EndGlobalSection
EndGlobal
